// !$*UTF8*$!
{
	archiveVersion = 1;
	classes = {
	};
	objectVersion = 56;
	objects = {

/* Begin PBXBuildFile section */
		A1000001000000000000001 /* DailyMoodTrackerApp.swift in Sources */ = {isa = PBXBuildFile; fileRef = A2000001000000000000001 /* DailyMoodTrackerApp.swift */; };
		A1000003000000000000001 /* MoodEntry.swift in Sources */ = {isa = PBXBuildFile; fileRef = A2000003000000000000001 /* MoodEntry.swift */; };
		A1000004000000000000001 /* DataManager.swift in Sources */ = {isa = PBXBuildFile; fileRef = A2000004000000000000001 /* DataManager.swift */; };
		A1000005000000000000001 /* HomeView.swift in Sources */ = {isa = PBXBuildFile; fileRef = A2000005000000000000001 /* HomeView.swift */; };
		A1000006000000000000001 /* HistoryView.swift in Sources */ = {isa = PBXBuildFile; fileRef = A2000006000000000000001 /* HistoryView.swift */; };
		A1000007000000000000001 /* Assets.xcassets in Resources */ = {isa = PBXBuildFile; fileRef = A2000007000000000000001 /* Assets.xcassets */; };
		A1000008000000000000001 /* IconManager.swift in Sources */ = {isa = PBXBuildFile; fileRef = A2000008000000000000001 /* IconManager.swift */; };
		A1000010000000000000001 /* AppIcon-Happy@2x.png in Resources */ = {isa = PBXBuildFile; fileRef = A2000010000000000000001 /* AppIcon-Happy@2x.png */; };
		A1000011000000000000001 /* AppIcon-Happy@3x.png in Resources */ = {isa = PBXBuildFile; fileRef = A2000011000000000000001 /* AppIcon-Happy@3x.png */; };
		A1000012000000000000001 /* AppIcon-Neutral@2x.png in Resources */ = {isa = PBXBuildFile; fileRef = A2000012000000000000001 /* AppIcon-Neutral@2x.png */; };
		A1000013000000000000001 /* AppIcon-Neutral@3x.png in Resources */ = {isa = PBXBuildFile; fileRef = A2000013000000000000001 /* AppIcon-Neutral@3x.png */; };
		A1000014000000000000001 /* AppIcon-Sad@2x.png in Resources */ = {isa = PBXBuildFile; fileRef = A2000014000000000000001 /* AppIcon-Sad@2x.png */; };
		A1000015000000000000001 /* AppIcon-Sad@3x.png in Resources */ = {isa = PBXBuildFile; fileRef = A2000015000000000000001 /* AppIcon-Sad@3x.png */; };
		A1000016000000000000001 /* AppIcon-Angry@2x.png in Resources */ = {isa = PBXBuildFile; fileRef = A2000016000000000000001 /* AppIcon-Angry@2x.png */; };
		A1000017000000000000001 /* AppIcon-Angry@3x.png in Resources */ = {isa = PBXBuildFile; fileRef = A2000017000000000000001 /* AppIcon-Angry@3x.png */; };
		A1000018000000000000001 /* AppIcon-Sleepy@2x.png in Resources */ = {isa = PBXBuildFile; fileRef = A2000018000000000000001 /* AppIcon-Sleepy@2x.png */; };
		A1000019000000000000001 /* AppIcon-Sleepy@3x.png in Resources */ = {isa = PBXBuildFile; fileRef = A2000019000000000000001 /* AppIcon-Sleepy@3x.png */; };
		A1000020000000000000001 /* Extensions.swift in Sources */ = {isa = PBXBuildFile; fileRef = A2000020000000000000001 /* Extensions.swift */; };
		A1IMAGEPICKER0000001 /* ImagePicker.swift in Sources */ = {isa = PBXBuildFile; fileRef = A2IMAGEPICKER0000001 /* ImagePicker.swift */; };
		A1000021000000000000001 /* GradientBackground.swift in Sources */ = {isa = PBXBuildFile; fileRef = A2000021000000000000001 /* GradientBackground.swift */; };
		A1000022000000000000001 /* GlassCard.swift in Sources */ = {isa = PBXBuildFile; fileRef = A2000022000000000000001 /* GlassCard.swift */; };
		A1000023000000000000001 /* GlowingButton.swift in Sources */ = {isa = PBXBuildFile; fileRef = A2000023000000000000001 /* GlowingButton.swift */; };
		A1DARKTHEMECARD00001 /* DarkThemeCard.swift in Sources */ = {isa = PBXBuildFile; fileRef = A2DARKTHEMECARD00001 /* DarkThemeCard.swift */; };
		A1000024000000000000001 /* OnboardingView.swift in Sources */ = {isa = PBXBuildFile; fileRef = A2000024000000000000001 /* OnboardingView.swift */; };
		A1000025000000000000001 /* InsightsView.swift in Sources */ = {isa = PBXBuildFile; fileRef = A2000025000000000000001 /* InsightsView.swift */; };
		A1SETTINGSVIEW000001 /* SettingsView.swift in Sources */ = {isa = PBXBuildFile; fileRef = A2SETTINGSVIEW000001 /* SettingsView.swift */; };
		A1TOASTVIEW000000001 /* ToastView.swift in Sources */ = {isa = PBXBuildFile; fileRef = A2TOASTVIEW000000001 /* ToastView.swift */; };
		A1MAINSHARED000001 /* SharedModels.swift in Sources */ = {isa = PBXBuildFile; fileRef = A2WIDGET00000000000002 /* SharedModels.swift */; };
		A1WIDGET00000000000001 /* MoodTrackerWidget.swift in Sources */ = {isa = PBXBuildFile; fileRef = A2WIDGET00000000000001 /* MoodTrackerWidget.swift */; };
		A1WIDGET00000000000002 /* SharedModels.swift in Sources */ = {isa = PBXBuildFile; fileRef = A2WIDGET00000000000002 /* SharedModels.swift */; };
		A1WIDGET00000000000003 /* Assets.xcassets in Resources */ = {isa = PBXBuildFile; fileRef = A2WIDGET00000000000003 /* Assets.xcassets */; };
		A1WIDGET00000000000004 /* WidgetKit.framework in Frameworks */ = {isa = PBXBuildFile; fileRef = A2WIDGET00000000000004 /* WidgetKit.framework */; };
		A1WIDGET00000000000005 /* SwiftUI.framework in Frameworks */ = {isa = PBXBuildFile; fileRef = A2WIDGET00000000000005 /* SwiftUI.framework */; };
		A1WIDGET00000000000006 /* MoodTrackerWidget.appex in Embed Foundation Extensions */ = {isa = PBXBuildFile; fileRef = A3WIDGET00000000000001 /* MoodTrackerWidget.appex */; settings = {ATTRIBUTES = (RemoveHeadersOnCopy, ); }; };
		A1WIDGETEXTENSIONS /* Extensions.swift in Sources */ = {isa = PBXBuildFile; fileRef = A2000020000000000000001 /* Extensions.swift */; };
/* End PBXBuildFile section */

/* Begin PBXContainerItemProxy section */
		C1WIDGET00000000000001 /* PBXContainerItemProxy */ = {
			isa = PBXContainerItemProxy;
			containerPortal = A0000001000000000000001 /* Project object */;
			proxyType = 1;
			remoteGlobalIDString = A6WIDGET00000000000001;
			remoteInfo = MoodTrackerWidget;
		};
/* End PBXContainerItemProxy section */

/* Begin PBXCopyFilesBuildPhase section */
		C2WIDGET00000000000001 /* Embed Foundation Extensions */ = {
			isa = PBXCopyFilesBuildPhase;
			buildActionMask = 2147483647;
			dstPath = "";
			dstSubfolderSpec = 13;
			files = (
				A1WIDGET00000000000006 /* MoodTrackerWidget.appex in Embed Foundation Extensions */,
			);
			name = "Embed Foundation Extensions";
			runOnlyForDeploymentPostprocessing = 0;
		};
/* End PBXCopyFilesBuildPhase section */

/* Begin PBXFileReference section */
		A3000001000000000000001 /* DailyMoodTracker.app */ = {isa = PBXFileReference; explicitFileType = wrapper.application; includeInIndex = 0; path = DailyMoodTracker.app; sourceTree = BUILT_PRODUCTS_DIR; };
		A2000001000000000000001 /* DailyMoodTrackerApp.swift */ = {isa = PBXFileReference; lastKnownFileType = sourcecode.swift; path = DailyMoodTrackerApp.swift; sourceTree = "<group>"; };
		A2000002000000000000001 /* MoodType.swift */ = {isa = PBXFileReference; lastKnownFileType = sourcecode.swift; path = MoodType.swift; sourceTree = "<group>"; };
		A2000003000000000000001 /* MoodEntry.swift */ = {isa = PBXFileReference; lastKnownFileType = sourcecode.swift; path = MoodEntry.swift; sourceTree = "<group>"; };
		A2000004000000000000001 /* DataManager.swift */ = {isa = PBXFileReference; lastKnownFileType = sourcecode.swift; path = DataManager.swift; sourceTree = "<group>"; };
		A2000005000000000000001 /* HomeView.swift */ = {isa = PBXFileReference; lastKnownFileType = sourcecode.swift; path = HomeView.swift; sourceTree = "<group>"; };
		A2000006000000000000001 /* HistoryView.swift */ = {isa = PBXFileReference; lastKnownFileType = sourcecode.swift; path = HistoryView.swift; sourceTree = "<group>"; };
		A2000007000000000000001 /* Assets.xcassets */ = {isa = PBXFileReference; lastKnownFileType = folder.assetcatalog; path = Assets.xcassets; sourceTree = "<group>"; };
		A2000008000000000000001 /* IconManager.swift */ = {isa = PBXFileReference; lastKnownFileType = sourcecode.swift; path = IconManager.swift; sourceTree = "<group>"; };
		A2000009000000000000001 /* Info.plist */ = {isa = PBXFileReference; lastKnownFileType = text.plist.xml; path = Info.plist; sourceTree = "<group>"; };
		A2000010000000000000001 /* AppIcon-Happy@2x.png */ = {isa = PBXFileReference; lastKnownFileType = image.png; path = "AppIcon-Happy@2x.png"; sourceTree = "<group>"; };
		A2000011000000000000001 /* AppIcon-Happy@3x.png */ = {isa = PBXFileReference; lastKnownFileType = image.png; path = "AppIcon-Happy@3x.png"; sourceTree = "<group>"; };
		A2000012000000000000001 /* AppIcon-Neutral@2x.png */ = {isa = PBXFileReference; lastKnownFileType = image.png; path = "AppIcon-Neutral@2x.png"; sourceTree = "<group>"; };
		A2000013000000000000001 /* AppIcon-Neutral@3x.png */ = {isa = PBXFileReference; lastKnownFileType = image.png; path = "AppIcon-Neutral@3x.png"; sourceTree = "<group>"; };
		A2000014000000000000001 /* AppIcon-Sad@2x.png */ = {isa = PBXFileReference; lastKnownFileType = image.png; path = "AppIcon-Sad@2x.png"; sourceTree = "<group>"; };
		A2000015000000000000001 /* AppIcon-Sad@3x.png */ = {isa = PBXFileReference; lastKnownFileType = image.png; path = "AppIcon-Sad@3x.png"; sourceTree = "<group>"; };
		A2000016000000000000001 /* AppIcon-Angry@2x.png */ = {isa = PBXFileReference; lastKnownFileType = image.png; path = "AppIcon-Angry@2x.png"; sourceTree = "<group>"; };
		A2000017000000000000001 /* AppIcon-Angry@3x.png */ = {isa = PBXFileReference; lastKnownFileType = image.png; path = "AppIcon-Angry@3x.png"; sourceTree = "<group>"; };
		A2000018000000000000001 /* AppIcon-Sleepy@2x.png */ = {isa = PBXFileReference; lastKnownFileType = image.png; path = "AppIcon-Sleepy@2x.png"; sourceTree = "<group>"; };
		A2000019000000000000001 /* AppIcon-Sleepy@3x.png */ = {isa = PBXFileReference; lastKnownFileType = image.png; path = "AppIcon-Sleepy@3x.png"; sourceTree = "<group>"; };
		A2000020000000000000001 /* Extensions.swift */ = {isa = PBXFileReference; lastKnownFileType = sourcecode.swift; path = Extensions.swift; sourceTree = "<group>"; };
		A2IMAGEPICKER0000001 /* ImagePicker.swift */ = {isa = PBXFileReference; lastKnownFileType = sourcecode.swift; path = ImagePicker.swift; sourceTree = "<group>"; };
		A2000021000000000000001 /* GradientBackground.swift */ = {isa = PBXFileReference; lastKnownFileType = sourcecode.swift; path = GradientBackground.swift; sourceTree = "<group>"; };
		A2000022000000000000001 /* GlassCard.swift */ = {isa = PBXFileReference; lastKnownFileType = sourcecode.swift; path = GlassCard.swift; sourceTree = "<group>"; };
		A2000023000000000000001 /* GlowingButton.swift */ = {isa = PBXFileReference; lastKnownFileType = sourcecode.swift; path = GlowingButton.swift; sourceTree = "<group>"; };
		A2DARKTHEMECARD00001 /* DarkThemeCard.swift */ = {isa = PBXFileReference; lastKnownFileType = sourcecode.swift; path = DarkThemeCard.swift; sourceTree = "<group>"; };
		A2000024000000000000001 /* OnboardingView.swift */ = {isa = PBXFileReference; lastKnownFileType = sourcecode.swift; path = OnboardingView.swift; sourceTree = "<group>"; };
		A2000025000000000000001 /* InsightsView.swift */ = {isa = PBXFileReference; lastKnownFileType = sourcecode.swift; path = InsightsView.swift; sourceTree = "<group>"; };
		A2SETTINGSVIEW000001 /* SettingsView.swift */ = {isa = PBXFileReference; lastKnownFileType = sourcecode.swift; path = SettingsView.swift; sourceTree = "<group>"; };
		A2TOASTVIEW000000001 /* ToastView.swift */ = {isa = PBXFileReference; lastKnownFileType = sourcecode.swift; path = ToastView.swift; sourceTree = "<group>"; };
		A2000026000000000000001 /* DailyMoodTracker.entitlements */ = {isa = PBXFileReference; lastKnownFileType = text.plist.entitlements; path = DailyMoodTracker.entitlements; sourceTree = "<group>"; };
		A3WIDGET00000000000001 /* MoodTrackerWidget.appex */ = {isa = PBXFileReference; explicitFileType = "wrapper.app-extension"; includeInIndex = 0; path = MoodTrackerWidget.appex; sourceTree = BUILT_PRODUCTS_DIR; };
		A2WIDGET00000000000001 /* MoodTrackerWidget.swift */ = {isa = PBXFileReference; lastKnownFileType = sourcecode.swift; path = MoodTrackerWidget.swift; sourceTree = "<group>"; };
		A2WIDGET00000000000002 /* SharedModels.swift */ = {isa = PBXFileReference; lastKnownFileType = sourcecode.swift; path = SharedModels.swift; sourceTree = "<group>"; };
		A2WIDGET00000000000003 /* Assets.xcassets */ = {isa = PBXFileReference; lastKnownFileType = folder.assetcatalog; path = Assets.xcassets; sourceTree = "<group>"; };
		A2WIDGET00000000000004 /* WidgetKit.framework */ = {isa = PBXFileReference; lastKnownFileType = wrapper.framework; name = WidgetKit.framework; path = System/Library/Frameworks/WidgetKit.framework; sourceTree = SDKROOT; };
		A2WIDGET00000000000005 /* SwiftUI.framework */ = {isa = PBXFileReference; lastKnownFileType = wrapper.framework; name = SwiftUI.framework; path = System/Library/Frameworks/SwiftUI.framework; sourceTree = SDKROOT; };
		A2WIDGET00000000000006 /* Info.plist */ = {isa = PBXFileReference; lastKnownFileType = text.plist.xml; path = Info.plist; sourceTree = "<group>"; };
		A2WIDGET00000000000007 /* MoodTrackerWidget.entitlements */ = {isa = PBXFileReference; lastKnownFileType = text.plist.entitlements; path = MoodTrackerWidget.entitlements; sourceTree = "<group>"; };
/* End PBXFileReference section */

/* Begin PBXFrameworksBuildPhase section */
		A4000001000000000000001 /* Frameworks */ = {
			isa = PBXFrameworksBuildPhase;
			buildActionMask = 2147483647;
			files = (
			);
			runOnlyForDeploymentPostprocessing = 0;
		};
		A4WIDGET00000000000001 /* Frameworks */ = {
			isa = PBXFrameworksBuildPhase;
			buildActionMask = 2147483647;
			files = (
				A1WIDGET00000000000004 /* WidgetKit.framework in Frameworks */,
				A1WIDGET00000000000005 /* SwiftUI.framework in Frameworks */,
			);
			runOnlyForDeploymentPostprocessing = 0;
		};
/* End PBXFrameworksBuildPhase section */

/* Begin PBXGroup section */
		A5000001000000000000001 = {
			isa = PBXGroup;
			children = (
				A5000002000000000000001 /* DailyMoodTracker */,
				A5WIDGET00000000000001 /* MoodTrackerWidget */,
				A5WIDGET00000000000005 /* Frameworks */,
				A5000003000000000000001 /* Products */,
			);
			sourceTree = "<group>";
		};
		A5000002000000000000001 /* DailyMoodTracker */ = {
			isa = PBXGroup;
			children = (
				A2000001000000000000001 /* DailyMoodTrackerApp.swift */,
				A2000009000000000000001 /* Info.plist */,
				A2000026000000000000001 /* DailyMoodTracker.entitlements */,
				A5000004000000000000001 /* Models */,
				A5000005000000000000001 /* Views */,
				A5000007000000000000001 /* Components */,
				A5000008000000000000001 /* Utilities */,
				A5000006000000000000001 /* Services */,
				A2000007000000000000001 /* Assets.xcassets */,
				A2000010000000000000001 /* AppIcon-Happy@2x.png */,
				A2000011000000000000001 /* AppIcon-Happy@3x.png */,
				A2000012000000000000001 /* AppIcon-Neutral@2x.png */,
				A2000013000000000000001 /* AppIcon-Neutral@3x.png */,
				A2000014000000000000001 /* AppIcon-Sad@2x.png */,
				A2000015000000000000001 /* AppIcon-Sad@3x.png */,
				A2000016000000000000001 /* AppIcon-Angry@2x.png */,
				A2000017000000000000001 /* AppIcon-Angry@3x.png */,
				A2000018000000000000001 /* AppIcon-Sleepy@2x.png */,
				A2000019000000000000001 /* AppIcon-Sleepy@3x.png */,
			);
			path = DailyMoodTracker;
			sourceTree = "<group>";
		};
		A5000003000000000000001 /* Products */ = {
			isa = PBXGroup;
			children = (
				A3000001000000000000001 /* DailyMoodTracker.app */,
				A3WIDGET00000000000001 /* MoodTrackerWidget.appex */,
			);
			name = Products;
			sourceTree = "<group>";
		};
		A5000004000000000000001 /* Models */ = {
			isa = PBXGroup;
			children = (
				A2000003000000000000001 /* MoodEntry.swift */,
				A2WIDGET00000000000002 /* SharedModels.swift */,
			);
			path = Models;
			sourceTree = "<group>";
		};
		A5000005000000000000001 /* Views */ = {
			isa = PBXGroup;
			children = (
				A2000005000000000000001 /* HomeView.swift */,
				A2000006000000000000001 /* HistoryView.swift */,
				A2000024000000000000001 /* OnboardingView.swift */,
				A2000025000000000000001 /* InsightsView.swift */,
				A2SETTINGSVIEW000001 /* SettingsView.swift */,
				A2TOASTVIEW000000001 /* ToastView.swift */,
			);
			path = Views;
			sourceTree = "<group>";
		};
		A5000006000000000000001 /* Services */ = {
			isa = PBXGroup;
			children = (
				A2000004000000000000001 /* DataManager.swift */,
				A2000008000000000000001 /* IconManager.swift */,
			);
			path = Services;
			sourceTree = "<group>";
		};
		A5000007000000000000001 /* Components */ = {
			isa = PBXGroup;
			children = (
				A2000021000000000000001 /* GradientBackground.swift */,
				A2000022000000000000001 /* GlassCard.swift */,
				A2000023000000000000001 /* GlowingButton.swift */,
				A2DARKTHEMECARD00001 /* DarkThemeCard.swift */,
			);
			path = Components;
			sourceTree = "<group>";
		};
		A5000008000000000000001 /* Utilities */ = {
			isa = PBXGroup;
			children = (
				A2000020000000000000001 /* Extensions.swift */,
				A2IMAGEPICKER0000001 /* ImagePicker.swift */,
			);
			path = Utilities;
			sourceTree = "<group>";
		};
		A5WIDGET00000000000001 /* MoodTrackerWidget */ = {
			isa = PBXGroup;
			children = (
				A2WIDGET00000000000001 /* MoodTrackerWidget.swift */,
				A2WIDGET00000000000006 /* Info.plist */,
				A2WIDGET00000000000007 /* MoodTrackerWidget.entitlements */,
				A5WIDGET00000000000002 /* Models */,
				A2WIDGET00000000000003 /* Assets.xcassets */,
			);
			path = MoodTrackerWidget;
			sourceTree = "<group>";
		};
		A5WIDGET00000000000002 /* Models */ = {
			isa = PBXGroup;
			children = (
				A2WIDGET00000000000002 /* SharedModels.swift */,
			);
			path = Models;
			sourceTree = "<group>";
		};
		A5WIDGET00000000000005 /* Frameworks */ = {
			isa = PBXGroup;
			children = (
				A2WIDGET00000000000004 /* WidgetKit.framework */,
				A2WIDGET00000000000005 /* SwiftUI.framework */,
			);
			name = Frameworks;
			sourceTree = "<group>";
		};
/* End PBXGroup section */

/* Begin PBXNativeTarget section */
		A6000001000000000000001 /* DailyMoodTracker */ = {
			isa = PBXNativeTarget;
			buildConfigurationList = A7000001000000000000001 /* Build configuration list for PBXNativeTarget "DailyMoodTracker" */;
			buildPhases = (
				A8000001000000000000001 /* Sources */,
				A4000001000000000000001 /* Frameworks */,
				A9000001000000000000001 /* Resources */,
				C2WIDGET00000000000001 /* Embed Foundation Extensions */,
			);
			buildRules = (
			);
			dependencies = (
				C3WIDGET00000000000001 /* PBXTargetDependency */,
			);
			name = DailyMoodTracker;
			productName = DailyMoodTracker;
			productReference = A3000001000000000000001 /* DailyMoodTracker.app */;
			productType = "com.apple.product-type.application";
		};
		A6WIDGET00000000000001 /* MoodTrackerWidget */ = {
			isa = PBXNativeTarget;
			buildConfigurationList = A7WIDGET00000000000001 /* Build configuration list for PBXNativeTarget "MoodTrackerWidget" */;
			buildPhases = (
				A8WIDGET00000000000001 /* Sources */,
				A4WIDGET00000000000001 /* Frameworks */,
				A9WIDGET00000000000001 /* Resources */,
			);
			buildRules = (
			);
			dependencies = (
			);
			name = MoodTrackerWidget;
			productName = MoodTrackerWidget;
			productReference = A3WIDGET00000000000001 /* MoodTrackerWidget.appex */;
			productType = "com.apple.product-type.app-extension";
		};
/* End PBXNativeTarget section */

/* Begin PBXProject section */
		A0000001000000000000001 /* Project object */ = {
			isa = PBXProject;
			attributes = {
				BuildIndependentTargetsInParallel = 1;
				LastSwiftUpdateCheck = 1500;
				LastUpgradeCheck = 1500;
				TargetAttributes = {
					A6000001000000000000001 = {
					CreatedOnToolsVersion = 15.0;
				};
				A6WIDGET00000000000001 = {
						CreatedOnToolsVersion = 15.0;
					};
				};
			};
			buildConfigurationList = A7000002000000000000001 /* Build configuration list for PBXProject "DailyMoodTracker" */;
			compatibilityVersion = "Xcode 14.0";
			developmentRegion = en;
			hasScannedForEncodings = 0;
			knownRegions = (
				en,
				Base,
			);
			mainGroup = A5000001000000000000001;
			productRefGroup = A5000003000000000000001 /* Products */;
			projectDirPath = "";
			projectRoot = "";
			targets = (
				A6000001000000000000001 /* DailyMoodTracker */,
			A6WIDGET00000000000001 /* MoodTrackerWidget */,
			);
		};
/* End PBXProject section */

/* Begin PBXResourcesBuildPhase section */
		A9000001000000000000001 /* Resources */ = {
			isa = PBXResourcesBuildPhase;
			buildActionMask = 2147483647;
			files = (
				A1000007000000000000001 /* Assets.xcassets in Resources */,
				A1000010000000000000001 /* AppIcon-Happy@2x.png in Resources */,
				A1000011000000000000001 /* AppIcon-Happy@3x.png in Resources */,
				A1000012000000000000001 /* AppIcon-Neutral@2x.png in Resources */,
				A1000013000000000000001 /* AppIcon-Neutral@3x.png in Resources */,
				A1000014000000000000001 /* AppIcon-Sad@2x.png in Resources */,
				A1000015000000000000001 /* AppIcon-Sad@3x.png in Resources */,
				A1000016000000000000001 /* AppIcon-Angry@2x.png in Resources */,
				A1000017000000000000001 /* AppIcon-Angry@3x.png in Resources */,
				A1000018000000000000001 /* AppIcon-Sleepy@2x.png in Resources */,
				A1000019000000000000001 /* AppIcon-Sleepy@3x.png in Resources */,
			);
			runOnlyForDeploymentPostprocessing = 0;
		};
		A9WIDGET00000000000001 /* Resources */ = {
			isa = PBXResourcesBuildPhase;
			buildActionMask = 2147483647;
			files = (
				A1WIDGET00000000000003 /* Assets.xcassets in Resources */,
			);
			runOnlyForDeploymentPostprocessing = 0;
		};
/* End PBXResourcesBuildPhase section */

/* Begin PBXSourcesBuildPhase section */
		A8000001000000000000001 /* Sources */ = {
			isa = PBXSourcesBuildPhase;
			buildActionMask = 2147483647;
			files = (
				A1000001000000000000001 /* DailyMoodTrackerApp.swift in Sources */,
				A1000003000000000000001 /* MoodEntry.swift in Sources */,
				A1000004000000000000001 /* DataManager.swift in Sources */,
				A1000005000000000000001 /* HomeView.swift in Sources */,
				A1000006000000000000001 /* HistoryView.swift in Sources */,
				A1000008000000000000001 /* IconManager.swift in Sources */,
				A1000020000000000000001 /* Extensions.swift in Sources */,
				A1IMAGEPICKER0000001 /* ImagePicker.swift in Sources */,
				A1000021000000000000001 /* GradientBackground.swift in Sources */,
				A1000022000000000000001 /* GlassCard.swift in Sources */,
				A1000023000000000000001 /* GlowingButton.swift in Sources */,
				A1DARKTHEMECARD00001 /* DarkThemeCard.swift in Sources */,
				A1000024000000000000001 /* OnboardingView.swift in Sources */,
				A1000025000000000000001 /* InsightsView.swift in Sources */,
				A1SETTINGSVIEW000001 /* SettingsView.swift in Sources */,
				A1TOASTVIEW000000001 /* ToastView.swift in Sources */,
				A1MAINSHARED000001 /* SharedModels.swift in Sources */,
			);
			runOnlyForDeploymentPostprocessing = 0;
		};
		A8WIDGET00000000000001 /* Sources */ = {
			isa = PBXSourcesBuildPhase;
			buildActionMask = 2147483647;
			files = (
				A1WIDGET00000000000001 /* MoodTrackerWidget.swift in Sources */,
				A1WIDGET00000000000002 /* SharedModels.swift in Sources */,
				A1WIDGETEXTENSIONS /* Extensions.swift in Sources */,
			);
			runOnlyForDeploymentPostprocessing = 0;
		};
/* End PBXSourcesBuildPhase section */

/* Begin PBXTargetDependency section */
		C3WIDGET00000000000001 /* PBXTargetDependency */ = {
			isa = PBXTargetDependency;
			target = A6WIDGET00000000000001 /* MoodTrackerWidget */;
			targetProxy = C1WIDGET00000000000001 /* PBXContainerItemProxy */;
		};
/* End PBXTargetDependency section */

/* Begin XCBuildConfiguration section */
		B1000001000000000000001 /* Debug */ = {
			isa = XCBuildConfiguration;
			buildSettings = {
				ALWAYS_SEARCH_USER_PATHS = NO;
				ASSETCATALOG_COMPILER_GENERATE_SWIFT_ASSET_SYMBOL_EXTENSIONS = YES;
				CLANG_ANALYZER_NONNULL = YES;
				CLANG_ANALYZER_NUMBER_OBJECT_CONVERSION = YES_AGGRESSIVE;
				CLANG_CXX_LANGUAGE_STANDARD = "gnu++20";
				CLANG_ENABLE_MODULES = YES;
				CLANG_ENABLE_OBJC_ARC = YES;
				CLANG_ENABLE_OBJC_WEAK = YES;
				CLANG_WARN_BLOCK_CAPTURE_AUTORELEASING = YES;
				CLANG_WARN_BOOL_CONVERSION = YES;
				CLANG_WARN_COMMA = YES;
				CLANG_WARN_CONSTANT_CONVERSION = YES;
				CLANG_WARN_DEPRECATED_OBJC_IMPLEMENTATIONS = YES;
				CLANG_WARN_DIRECT_OBJC_ISA_USAGE = YES_ERROR;
				CLANG_WARN_DOCUMENTATION_COMMENTS = YES;
				CLANG_WARN_EMPTY_BODY = YES;
				CLANG_WARN_ENUM_CONVERSION = YES;
				CLANG_WARN_INFINITE_RECURSION = YES;
				CLANG_WARN_INT_CONVERSION = YES;
				CLANG_WARN_NON_LITERAL_NULL_CONVERSION = YES;
				CLANG_WARN_OBJC_IMPLICIT_RETAIN_SELF = YES;
				CLANG_WARN_OBJC_LITERAL_CONVERSION = YES;
				CLANG_WARN_OBJC_ROOT_CLASS = YES_ERROR;
				CLANG_WARN_QUOTED_INCLUDE_IN_FRAMEWORK_HEADER = YES;
				CLANG_WARN_RANGE_LOOP_ANALYSIS = YES;
				CLANG_WARN_STRICT_PROTOTYPES = YES;
				CLANG_WARN_SUSPICIOUS_MOVE = YES;
				CLANG_WARN_UNGUARDED_AVAILABILITY = YES_AGGRESSIVE;
				CLANG_WARN_UNREACHABLE_CODE = YES;
				CLANG_WARN__DUPLICATE_METHOD_MATCH = YES;
				COPY_PHASE_STRIP = NO;
				DEBUG_INFORMATION_FORMAT = dwarf;
				ENABLE_STRICT_OBJC_MSGSEND = YES;
				ENABLE_TESTABILITY = YES;
				ENABLE_USER_SCRIPT_SANDBOXING = YES;
				GCC_C_LANGUAGE_STANDARD = gnu17;
				GCC_DYNAMIC_NO_PIC = NO;
				GCC_NO_COMMON_BLOCKS = YES;
				GCC_OPTIMIZATION_LEVEL = 0;
				GCC_PREPROCESSOR_DEFINITIONS = (
					"DEBUG=1",
					"$(inherited)",
				);
				GCC_WARN_64_TO_32_BIT_CONVERSION = YES;
				GCC_WARN_ABOUT_RETURN_TYPE = YES_ERROR;
				GCC_WARN_UNDECLARED_SELECTOR = YES;
				GCC_WARN_UNINITIALIZED_AUTOS = YES_AGGRESSIVE;
				GCC_WARN_UNUSED_FUNCTION = YES;
				GCC_WARN_UNUSED_VARIABLE = YES;
				IPHONEOS_DEPLOYMENT_TARGET = 16.0;
				LOCALIZATION_PREFERS_STRING_CATALOGS = YES;
				MTL_ENABLE_DEBUG_INFO = INCLUDE_SOURCE;
				MTL_FAST_MATH = YES;
				ONLY_ACTIVE_ARCH = YES;
				SDKROOT = iphoneos;
				SWIFT_ACTIVE_COMPILATION_CONDITIONS = "DEBUG $(inherited)";
				SWIFT_OPTIMIZATION_LEVEL = "-Onone";
			};
			name = Debug;
		};
		B1000002000000000000001 /* Release */ = {
			isa = XCBuildConfiguration;
			buildSettings = {
				ALWAYS_SEARCH_USER_PATHS = NO;
				ASSETCATALOG_COMPILER_GENERATE_SWIFT_ASSET_SYMBOL_EXTENSIONS = YES;
				CLANG_ANALYZER_NONNULL = YES;
				CLANG_ANALYZER_NUMBER_OBJECT_CONVERSION = YES_AGGRESSIVE;
				CLANG_CXX_LANGUAGE_STANDARD = "gnu++20";
				CLANG_ENABLE_MODULES = YES;
				CLANG_ENABLE_OBJC_ARC = YES;
				CLANG_ENABLE_OBJC_WEAK = YES;
				CLANG_WARN_BLOCK_CAPTURE_AUTORELEASING = YES;
				CLANG_WARN_BOOL_CONVERSION = YES;
				CLANG_WARN_COMMA = YES;
				CLANG_WARN_CONSTANT_CONVERSION = YES;
				CLANG_WARN_DEPRECATED_OBJC_IMPLEMENTATIONS = YES;
				CLANG_WARN_DIRECT_OBJC_ISA_USAGE = YES_ERROR;
				CLANG_WARN_DOCUMENTATION_COMMENTS = YES;
				CLANG_WARN_EMPTY_BODY = YES;
				CLANG_WARN_ENUM_CONVERSION = YES;
				CLANG_WARN_INFINITE_RECURSION = YES;
				CLANG_WARN_INT_CONVERSION = YES;
				CLANG_WARN_NON_LITERAL_NULL_CONVERSION = YES;
				CLANG_WARN_OBJC_IMPLICIT_RETAIN_SELF = YES;
				CLANG_WARN_OBJC_LITERAL_CONVERSION = YES;
				CLANG_WARN_OBJC_ROOT_CLASS = YES_ERROR;
				CLANG_WARN_QUOTED_INCLUDE_IN_FRAMEWORK_HEADER = YES;
				CLANG_WARN_RANGE_LOOP_ANALYSIS = YES;
				CLANG_WARN_STRICT_PROTOTYPES = YES;
				CLANG_WARN_SUSPICIOUS_MOVE = YES;
				CLANG_WARN_UNGUARDED_AVAILABILITY = YES_AGGRESSIVE;
				CLANG_WARN_UNREACHABLE_CODE = YES;
				CLANG_WARN__DUPLICATE_METHOD_MATCH = YES;
				COPY_PHASE_STRIP = NO;
				DEBUG_INFORMATION_FORMAT = "dwarf-with-dsym";
				ENABLE_NS_ASSERTIONS = NO;
				ENABLE_STRICT_OBJC_MSGSEND = YES;
				ENABLE_USER_SCRIPT_SANDBOXING = YES;
				GCC_C_LANGUAGE_STANDARD = gnu17;
				GCC_NO_COMMON_BLOCKS = YES;
				GCC_WARN_64_TO_32_BIT_CONVERSION = YES;
				GCC_WARN_ABOUT_RETURN_TYPE = YES_ERROR;
				GCC_WARN_UNDECLARED_SELECTOR = YES;
				GCC_WARN_UNINITIALIZED_AUTOS = YES_AGGRESSIVE;
				GCC_WARN_UNUSED_FUNCTION = YES;
				GCC_WARN_UNUSED_VARIABLE = YES;
				IPHONEOS_DEPLOYMENT_TARGET = 16.0;
				LOCALIZATION_PREFERS_STRING_CATALOGS = YES;
				MTL_ENABLE_DEBUG_INFO = NO;
				MTL_FAST_MATH = YES;
				SDKROOT = iphoneos;
				SWIFT_COMPILATION_MODE = wholemodule;
				VALIDATE_PRODUCT = YES;
			};
			name = Release;
		};
		B1000003000000000000001 /* Debug */ = {
			isa = XCBuildConfiguration;
			buildSettings = {
				ASSETCATALOG_COMPILER_APPICON_NAME = AppIcon;
				ASSETCATALOG_COMPILER_GLOBAL_ACCENT_COLOR_NAME = AccentColor;
				CODE_SIGN_ENTITLEMENTS = DailyMoodTracker/DailyMoodTracker.entitlements;
				CODE_SIGN_STYLE = Automatic;
				CURRENT_PROJECT_VERSION = 1;
				DEVELOPMENT_TEAM = 5UAB2YDZ59;
				ENABLE_PREVIEWS = YES;
				INFOPLIST_FILE = DailyMoodTracker/Info.plist;
				INFOPLIST_KEY_UIApplicationSceneManifest_Generation = YES;
				INFOPLIST_KEY_UIApplicationSupportsIndirectInputEvents = YES;
				INFOPLIST_KEY_UILaunchScreen_Generation = YES;
				INFOPLIST_KEY_UISupportedInterfaceOrientations = UIInterfaceOrientationPortrait;
				INFOPLIST_KEY_UISupportedInterfaceOrientations_iPad = "UIInterfaceOrientationLandscapeLeft UIInterfaceOrientationLandscapeRight UIInterfaceOrientationPortrait UIInterfaceOrientationPortraitUpsideDown";
				IPHONEOS_DEPLOYMENT_TARGET = 16.0;
				LD_RUNPATH_SEARCH_PATHS = (
					"$(inherited)",
					"@executable_path/Frameworks",
				);
				MARKETING_VERSION = 1.0;
				PRODUCT_BUNDLE_IDENTIFIER = com.dailymoodtracker.app;
				PRODUCT_NAME = "$(TARGET_NAME)";
				SUPPORTED_PLATFORMS = "iphoneos iphonesimulator";
				SUPPORTS_MACCATALYST = NO;
				SWIFT_EMIT_LOC_STRINGS = YES;
				SWIFT_VERSION = 5.0;
				TARGETED_DEVICE_FAMILY = "1,2";
			};
			name = Debug;
		};
		B1000004000000000000001 /* Release */ = {
			isa = XCBuildConfiguration;
			buildSettings = {
				ASSETCATALOG_COMPILER_APPICON_NAME = AppIcon;
				ASSETCATALOG_COMPILER_GLOBAL_ACCENT_COLOR_NAME = AccentColor;
				CODE_SIGN_ENTITLEMENTS = DailyMoodTracker/DailyMoodTracker.entitlements;
				CODE_SIGN_STYLE = Automatic;
				CURRENT_PROJECT_VERSION = 1;
				DEVELOPMENT_TEAM = 5UAB2YDZ59;
				ENABLE_PREVIEWS = YES;
				INFOPLIST_FILE = DailyMoodTracker/Info.plist;
				INFOPLIST_KEY_UIApplicationSceneManifest_Generation = YES;
				INFOPLIST_KEY_UIApplicationSupportsIndirectInputEvents = YES;
				INFOPLIST_KEY_UILaunchScreen_Generation = YES;
				INFOPLIST_KEY_UISupportedInterfaceOrientations = UIInterfaceOrientationPortrait;
				INFOPLIST_KEY_UISupportedInterfaceOrientations_iPad = "UIInterfaceOrientationLandscapeLeft UIInterfaceOrientationLandscapeRight UIInterfaceOrientationPortrait UIInterfaceOrientationPortraitUpsideDown";
				IPHONEOS_DEPLOYMENT_TARGET = 16.0;
				LD_RUNPATH_SEARCH_PATHS = (
					"$(inherited)",
					"@executable_path/Frameworks",
				);
				MARKETING_VERSION = 1.0;
				PRODUCT_BUNDLE_IDENTIFIER = com.dailymoodtracker.app;
				PRODUCT_NAME = "$(TARGET_NAME)";
				SUPPORTED_PLATFORMS = "iphoneos iphonesimulator";
				SUPPORTS_MACCATALYST = NO;
				SWIFT_EMIT_LOC_STRINGS = YES;
				SWIFT_VERSION = 5.0;
				TARGETED_DEVICE_FAMILY = "1,2";
			};
			name = Release;
		};
		B1WIDGET00000000000001 /* Debug */ = {
			isa = XCBuildConfiguration;
			buildSettings = {
				ASSETCATALOG_COMPILER_GLOBAL_ACCENT_COLOR_NAME = AccentColor;
				ASSETCATALOG_COMPILER_WIDGET_BACKGROUND_COLOR_NAME = WidgetBackground;
				CODE_SIGN_ENTITLEMENTS = MoodTrackerWidget/MoodTrackerWidget.entitlements;
				CODE_SIGN_STYLE = Automatic;
				CURRENT_PROJECT_VERSION = 1;
				DEVELOPMENT_TEAM = 5UAB2YDZ59;
				GENERATE_INFOPLIST_FILE = YES;
				INFOPLIST_FILE = MoodTrackerWidget/Info.plist;
				INFOPLIST_KEY_CFBundleDisplayName = MoodTrackerWidget;
				INFOPLIST_KEY_NSHumanReadableCopyright = "";
				IPHONEOS_DEPLOYMENT_TARGET = 16.0;
				LD_RUNPATH_SEARCH_PATHS = (
					"$(inherited)",
					"@executable_path/Frameworks",
					"@executable_path/../../Frameworks",
				);
				MARKETING_VERSION = 1.0;
				PRODUCT_BUNDLE_IDENTIFIER = com.dailymoodtracker.app.MoodTrackerWidget;
				PRODUCT_NAME = "$(TARGET_NAME)";
				SKIP_INSTALL = YES;
				SUPPORTED_PLATFORMS = "iphoneos iphonesimulator";
				SUPPORTS_MACCATALYST = NO;
				SWIFT_EMIT_LOC_STRINGS = YES;
				SWIFT_VERSION = 5.0;
				TARGETED_DEVICE_FAMILY = "1,2";
			};
			name = Debug;
		};
		B1WIDGET00000000000002 /* Release */ = {
			isa = XCBuildConfiguration;
			buildSettings = {
				ASSETCATALOG_COMPILER_GLOBAL_ACCENT_COLOR_NAME = AccentColor;
				ASSETCATALOG_COMPILER_WIDGET_BACKGROUND_COLOR_NAME = WidgetBackground;
				CODE_SIGN_ENTITLEMENTS = MoodTrackerWidget/MoodTrackerWidget.entitlements;
				CODE_SIGN_STYLE = Automatic;
				CURRENT_PROJECT_VERSION = 1;
				DEVELOPMENT_TEAM = 5UAB2YDZ59;
				GENERATE_INFOPLIST_FILE = YES;
				INFOPLIST_FILE = MoodTrackerWidget/Info.plist;
				INFOPLIST_KEY_CFBundleDisplayName = MoodTrackerWidget;
				INFOPLIST_KEY_NSHumanReadableCopyright = "";
				IPHONEOS_DEPLOYMENT_TARGET = 16.0;
				LD_RUNPATH_SEARCH_PATHS = (
					"$(inherited)",
					"@executable_path/Frameworks",
					"@executable_path/../../Frameworks",
				);
				MARKETING_VERSION = 1.0;
				PRODUCT_BUNDLE_IDENTIFIER = com.dailymoodtracker.app.MoodTrackerWidget;
				PRODUCT_NAME = "$(TARGET_NAME)";
				SKIP_INSTALL = YES;
				SUPPORTED_PLATFORMS = "iphoneos iphonesimulator";
				SUPPORTS_MACCATALYST = NO;
				SWIFT_EMIT_LOC_STRINGS = YES;
				SWIFT_VERSION = 5.0;
				TARGETED_DEVICE_FAMILY = "1,2";
			};
			name = Release;
		};
/* End XCBuildConfiguration section */

/* Begin XCConfigurationList section */
		A7000001000000000000001 /* Build configuration list for PBXNativeTarget "DailyMoodTracker" */ = {
			isa = XCConfigurationList;
			buildConfigurations = (
				B1000003000000000000001 /* Debug */,
				B1000004000000000000001 /* Release */,
			);
			defaultConfigurationIsVisible = 0;
			defaultConfigurationName = Release;
		};
		A7000002000000000000001 /* Build configuration list for PBXProject "DailyMoodTracker" */ = {
			isa = XCConfigurationList;
			buildConfigurations = (
				B1000001000000000000001 /* Debug */,
				B1000002000000000000001 /* Release */,
			);
			defaultConfigurationIsVisible = 0;
			defaultConfigurationName = Release;
		};
		A7WIDGET00000000000001 /* Build configuration list for PBXNativeTarget "MoodTrackerWidget" */ = {
			isa = XCConfigurationList;
			buildConfigurations = (
				B1WIDGET00000000000001 /* Debug */,
				B1WIDGET00000000000002 /* Release */,
			);
			defaultConfigurationIsVisible = 0;
			defaultConfigurationName = Release;
		};
/* End XCConfigurationList section */
	};
	rootObject = A0000001000000000000001 /* Project object */;
}
